github.com/davecgh/go-spew v1.1.1-0.20170829195320-a47672248388 h1:c9n+0y02ovmvU9O/gS/fqw6HRlUwG645A2AJckmQVy0=
github.com/davecgh/go-spew v1.1.1-0.20170829195320-a47672248388/go.mod h1:J7Y8YcW2NihsgmVo/mv3lAwl/skON4iLHjSsI+c5H38=
github.com/denisenkom/go-mssqldb v0.0.0-20170926192117-c7ee4153c0fc h1:5gtg6QHggqXY/PpIBwjDdNqls1XbLnx9wkWVBsjXavI=
github.com/denisenkom/go-mssqldb v0.0.0-20170926192117-c7ee4153c0fc/go.mod h1:xN/JuLBIz4bjkxNmByTiV1IbhfnYb6oo99phBn4Eqhc=
github.com/erikstmartin/go-testdb v0.0.0-20160219214506-8d10e4a1bae5 h1:Yzb9+7DPaBjB8zlTR87/ElzFsnQfuHnVUVqpZZIcV5Y=
github.com/erikstmartin/go-testdb v0.0.0-20160219214506-8d10e4a1bae5/go.mod h1:a2zkGnVExMxdzMo3M0Hi/3sEU+cWnZpSni0O6/Yb/P0=
github.com/go-sql-driver/mysql v1.3.1-0.20170921062806-7785c7429713 h1:3GOUBjxM9f5Pb0yVwqExgc+t3PrNddvqSkkryFGwaz8=
github.com/go-sql-driver/mysql v1.3.1-0.20170921062806-7785c7429713/go.mod h1:zAC/RDZ24gD3HViQzih4MyKcchzm+sOG5ZlKdlhCg5w=
github.com/gorilla/context v1.1.1 h1:AWwleXJkX/nhcU9bZSnZoi3h/qGYqQAGhq6zZe/aQW8=
github.com/gorilla/context v1.1.1/go.mod h1:kBGZzfjB9CEq2AlWe17Uuf7NDRt0dE0s8S51q0aT7Yg=
github.com/gorilla/mux v1.5.1-0.20170922205414-3f19343c7d9c h1:OwKBr/mZ9gTjnmj1i7iDSak+XaB+Fuv32418SfxkYqA=
github.com/gorilla/mux v1.5.1-0.20170922205414-3f19343c7d9c/go.mod h1:1lud6UwP+6orDFRuTfBEV8e9/aOM/c4fVVCaMa2zaAs=
github.com/gorilla/securecookie v1.1.1 h1:miw7JPhV+b/lAHSXz4qd/nN9jRiAFV5FwjeKyCS8BvQ=
github.com/gorilla/securecookie v1.1.1/go.mod h1:ra0sb63/xPlUeL+yeDciTfxMRAA+MP+HVt/4epWDjd4=
github.com/gorilla/sessions v0.0.0-20170802141718-b61c93cb7f67 h1:VdH0BDsHNMeY3k2FFrRfu7N8x7TsW40nnwvwFnvFDLA=
github.com/gorilla/sessions v0.0.0-20170802141718-b61c93cb7f67/go.mod h1:+WVp8kdw6VhyKExm03PAMRn2ZxnPtm58pV0dBVPdhHE=
github.com/jinzhu/gorm v0.0.0-20170928144821-3a9e91ab3721 h1:I2Hqe/JbvtE6Q8BLPyDpqdVaZwMPqMiYW18wjeXz2a8=
github.com/jinzhu/gorm v0.0.0-20170928144821-3a9e91ab3721/go.mod h1:Vla75njaFJ8clLU1W44h34PjIkijhjHIYnZxMqCdxqo=
github.com/jinzhu/inflection v0.0.0-20170102125226-1c35d901db3d h1:jRQLvyVGL+iVtDElaEIDdKwpPqUIZJfzkNLV34htpEc=
github.com/jinzhu/inflection v0.0.0-20170102125226-1c35d901db3d/go.mod h1:h+uFLlag+Qp1Va5pdKtLDYj+kHp5pxUVkryuEj+Srlc=
github.com/jinzhu/now v0.0.0-20170212112655-d939ba741945 h1:Zi6ebPFqt/hiMTrjyLoZZHEn5bR3fX537mXN+rIDpF4=
github.com/jinzhu/now v0.0.0-20170212112655-d939ba741945/go.mod h1:oHTiXerJ20+SfYcrdlBO7rzZRJWGwSTQ0iUY2jI6Gfc=
github.com/lib/pq v0.0.0-20170922172634-b77235e3890a h1:610gKg7Z982BWzciwdnwL/YOO4gKkV/ikAZM4cXxcg8=
github.com/lib/pq v0.0.0-20170922172634-b77235e3890a/go.mod h1:5WUZQaWbwv1U+lTReE5YruASi9Al49XbQIvNi/34Woo=
github.com/mattn/go-sqlite3 v1.3.0 h1:NDrHgbss6o+4wsrCRAJbPLDTrVdsowaYSkhB16RHZy8=
github.com/mattn/go-sqlite3 v1.3.0/go.mod h1:FPy6KqzDD04eiIsT53CuJW3U88zkxoIYsOqkbpncsNc=
github.com/pmezard/go-difflib v1.0.0 h1:4DBwDE0NGyQoBHbLQYPwSUPoCMWR5BEzIk/f1lZbAQM=
github.com/pmezard/go-difflib v1.0.0/go.mod h1:iKH77koFhYxTK1pcRnkKkqfTogsbg7gZNVY4sRDYZ/4=
github.com/stretchr/testify v1.1.5-0.20170809224252-890a5c3458b4 h1:c5DdG2to+wHgjlxcmknq5BnzaaJ0N0W842kLlOSurXc=
github.com/stretchr/testify v1.1.5-0.20170809224252-890a5c3458b4/go.mod h1:a8OnRcib4nhh0OaRAV+Yts87kKdq0PP7pXfy6kDkUVs=
github.com/wader/gormstore v0.0.0-20170409163648-a066dd77f804 h1:KNNPMzXrfIITHeim08RYBliXo+NAhkdLIWyd4demxb0=
github.com/wader/gormstore v0.0.0-20170409163648-a066dd77f804/go.mod h1:PbEnTGtqU8NGCALR62gu2+eQYO8zQDEvaMJiPaj5Hic=
go.mozilla.org/mozlog v0.0.0-20170222151521-4bb13139d403 h1:rKyWXYDfrVOpMFBion4Pmx5sJbQreQNXycHvm4KwJSg=
go.mozilla.org/mozlog v0.0.0-20170222151521-4bb13139d403/go.mod h1:jHoPAGnDrCy6kaI2tAze5Prf0Nr0w/oNkROt2lw3n3o=
golang.org/x/crypto v0.0.0-20170928142450-76eec36fa142 h1:5T6aMun9V7kQkjsSk9ZbDDnTnZNNwh4HDNahEeONaD8=
golang.org/x/crypto v0.0.0-20170928142450-76eec36fa142/go.mod h1:6SG95UA2DQfeDnfUPMdvaQW0Q7yPrPDi9nlGo2tz2b4=
golang.org/x/net v0.0.0-20170927055102-0a9397675ba3 h1:tTDpczhDVjW6WN3DinzKcw5juwkDTVn22I7MNlfxSXM=
golang.org/x/net v0.0.0-20170927055102-0a9397675ba3/go.mod h1:mL1N/T3taQHkDXs73rZJwtUhF3w3ftmwwsq0BUmARs4=
